
Microsoft Visual Studio Solution File, Format Version 12.00
# Visual Studio Version 17
VisualStudioVersion = 17.5.33424.131
MinimumVisualStudioVersion = 10.0.40219.1
Project("{FAE04EC0-301F-11D3-BF4B-00C04F79EFBC}") = "Business", "Business\Business.csproj", "{18D13A4E-FB4D-42EA-B4D4-827758C3F281}"
EndProject
Project("{FAE04EC0-301F-11D3-BF4B-00C04F79EFBC}") = "DataAccess", "DataAccess\DataAccess.csproj", "{993BC2FD-27F7-404C-8FF6-8AAF3A6CB786}"
EndProject
Project("{FAE04EC0-301F-11D3-BF4B-00C04F79EFBC}") = "Entities", "Entities\Entities.csproj", "{2CBB2DF5-0924-4315-A8CE-57280E2A8149}"
EndProject
Project("{FAE04EC0-301F-11D3-BF4B-00C04F79EFBC}") = "WebApi", "WebApi\WebApi.csproj", "{DC77673A-B665-4D59-AB69-8BD925EEB2FF}"
EndProject
Project("{FAE04EC0-301F-11D3-BF4B-00C04F79EFBC}") = "WebAPIWithWindowsForm", "WebAPIWithWindowsForm\WebAPIWithWindowsForm.csproj", "{5DF1A31C-F052-49BF-BEA4-E189B21A0A77}"
EndProject
Project("{FAE04EC0-301F-11D3-BF4B-00C04F79EFBC}") = "WebAPIWithCoreMvc", "WebAPIWithCoreMvc\WebAPIWithCoreMvc.csproj", "{2A640988-4453-4BE6-8851-BAB340BE5A6B}"
EndProject
Global
	GlobalSection(SolutionConfigurationPlatforms) = preSolution
		Debug|Any CPU = Debug|Any CPU
		Release|Any CPU = Release|Any CPU
	EndGlobalSection
	GlobalSection(ProjectConfigurationPlatforms) = postSolution
		{18D13A4E-FB4D-42EA-B4D4-827758C3F281}.Debug|Any CPU.ActiveCfg = Debug|Any CPU
		{18D13A4E-FB4D-42EA-B4D4-827758C3F281}.Debug|Any CPU.Build.0 = Debug|Any CPU
		{18D13A4E-FB4D-42EA-B4D4-827758C3F281}.Release|Any CPU.ActiveCfg = Release|Any CPU
		{18D13A4E-FB4D-42EA-B4D4-827758C3F281}.Release|Any CPU.Build.0 = Release|Any CPU
		{993BC2FD-27F7-404C-8FF6-8AAF3A6CB786}.Debug|Any CPU.ActiveCfg = Debug|Any CPU
		{993BC2FD-27F7-404C-8FF6-8AAF3A6CB786}.Debug|Any CPU.Build.0 = Debug|Any CPU
		{993BC2FD-27F7-404C-8FF6-8AAF3A6CB786}.Release|Any CPU.ActiveCfg = Release|Any CPU
		{993BC2FD-27F7-404C-8FF6-8AAF3A6CB786}.Release|Any CPU.Build.0 = Release|Any CPU
		{2CBB2DF5-0924-4315-A8CE-57280E2A8149}.Debug|Any CPU.ActiveCfg = Debug|Any CPU
		{2CBB2DF5-0924-4315-A8CE-57280E2A8149}.Debug|Any CPU.Build.0 = Debug|Any CPU
		{2CBB2DF5-0924-4315-A8CE-57280E2A8149}.Release|Any CPU.ActiveCfg = Release|Any CPU
		{2CBB2DF5-0924-4315-A8CE-57280E2A8149}.Release|Any CPU.Build.0 = Release|Any CPU
		{DC77673A-B665-4D59-AB69-8BD925EEB2FF}.Debug|Any CPU.ActiveCfg = Debug|Any CPU
		{DC77673A-B665-4D59-AB69-8BD925EEB2FF}.Debug|Any CPU.Build.0 = Debug|Any CPU
		{DC77673A-B665-4D59-AB69-8BD925EEB2FF}.Release|Any CPU.ActiveCfg = Release|Any CPU
		{DC77673A-B665-4D59-AB69-8BD925EEB2FF}.Release|Any CPU.Build.0 = Release|Any CPU
		{5DF1A31C-F052-49BF-BEA4-E189B21A0A77}.Debug|Any CPU.ActiveCfg = Debug|Any CPU
		{5DF1A31C-F052-49BF-BEA4-E189B21A0A77}.Debug|Any CPU.Build.0 = Debug|Any CPU
		{5DF1A31C-F052-49BF-BEA4-E189B21A0A77}.Release|Any CPU.ActiveCfg = Release|Any CPU
		{5DF1A31C-F052-49BF-BEA4-E189B21A0A77}.Release|Any CPU.Build.0 = Release|Any CPU
		{2A640988-4453-4BE6-8851-BAB340BE5A6B}.Debug|Any CPU.ActiveCfg = Debug|Any CPU
		{2A640988-4453-4BE6-8851-BAB340BE5A6B}.Debug|Any CPU.Build.0 = Debug|Any CPU
		{2A640988-4453-4BE6-8851-BAB340BE5A6B}.Release|Any CPU.ActiveCfg = Release|Any CPU
		{2A640988-4453-4BE6-8851-BAB340BE5A6B}.Release|Any CPU.Build.0 = Release|Any CPU
	EndGlobalSection
	GlobalSection(SolutionProperties) = preSolution
		HideSolutionNode = FALSE
	EndGlobalSection
	GlobalSection(ExtensibilityGlobals) = postSolution
		SolutionGuid = {65B9B33A-1E4E-49BB-94DA-13E8A5EE3ACA}
	EndGlobalSection
EndGlobal
